
Microsoft Visual Studio Solution File, Format Version 12.00
# Visual Studio Version 17
VisualStudioVersion = 17.0.31919.166
MinimumVisualStudioVersion = 10.0.40219.1
Project("{FAE04EC0-301F-11D3-BF4B-00C04F79EFBC}") = "GestiuneAngajatiFirma", "GestiuneAngajatiFirma.csproj", "{9AA2EFAD-E57B-4C18-B2E3-E58F37AA23A7}"
EndProject
Global
	GlobalSection(SolutionConfigurationPlatforms) = preSolution
		Debug|Any CPU = Debug|Any CPU
		Release|Any CPU = Release|Any CPU
	EndGlobalSection
	GlobalSection(ProjectConfigurationPlatforms) = postSolution
		{9AA2EFAD-E57B-4C18-B2E3-E58F37AA23A7}.Debug|Any CPU.ActiveCfg = Debug|Any CPU
		{9AA2EFAD-E57B-4C18-B2E3-E58F37AA23A7}.Debug|Any CPU.Build.0 = Debug|Any CPU
		{9AA2EFAD-E57B-4C18-B2E3-E58F37AA23A7}.Release|Any CPU.ActiveCfg = Release|Any CPU
		{9AA2EFAD-E57B-4C18-B2E3-E58F37AA23A7}.Release|Any CPU.Build.0 = Release|Any CPU
	EndGlobalSection
	GlobalSection(SolutionProperties) = preSolution
		HideSolutionNode = FALSE
	EndGlobalSection
	GlobalSection(ExtensibilityGlobals) = postSolution
		SolutionGuid = {576600F6-1968-4ED1-910B-4F2D5EFD4164}
	EndGlobalSection
EndGlobal
